
Microsoft Visual Studio Solution File, Format Version 12.00
# Visual Studio 2013
VisualStudioVersion = 12.0.21005.1
MinimumVisualStudioVersion = 10.0.40219.1
Project("{FAE04EC0-301F-11D3-BF4B-00C04F79EFBC}") = "CrazyTank", "CrazyTank\CrazyTank.csproj", "{1590F2E9-A8CC-4253-A3DD-53882C3FC764}"
EndProject
Project("{FAE04EC0-301F-11D3-BF4B-00C04F79EFBC}") = "TankServer", "TankServer\TankServer.csproj", "{28076D9D-732A-41F9-8907-781B9FD6CCCD}"
EndProject
Global
	GlobalSection(SolutionConfigurationPlatforms) = preSolution
		Debug|Any CPU = Debug|Any CPU
		Release|Any CPU = Release|Any CPU
	EndGlobalSection
	GlobalSection(ProjectConfigurationPlatforms) = postSolution
		{1590F2E9-A8CC-4253-A3DD-53882C3FC764}.Debug|Any CPU.ActiveCfg = Debug|Any CPU
		{1590F2E9-A8CC-4253-A3DD-53882C3FC764}.Debug|Any CPU.Build.0 = Debug|Any CPU
		{1590F2E9-A8CC-4253-A3DD-53882C3FC764}.Release|Any CPU.ActiveCfg = Release|Any CPU
		{1590F2E9-A8CC-4253-A3DD-53882C3FC764}.Release|Any CPU.Build.0 = Release|Any CPU
		{28076D9D-732A-41F9-8907-781B9FD6CCCD}.Debug|Any CPU.ActiveCfg = Debug|Any CPU
		{28076D9D-732A-41F9-8907-781B9FD6CCCD}.Debug|Any CPU.Build.0 = Debug|Any CPU
		{28076D9D-732A-41F9-8907-781B9FD6CCCD}.Release|Any CPU.ActiveCfg = Release|Any CPU
		{28076D9D-732A-41F9-8907-781B9FD6CCCD}.Release|Any CPU.Build.0 = Release|Any CPU
	EndGlobalSection
	GlobalSection(SolutionProperties) = preSolution
		HideSolutionNode = FALSE
	EndGlobalSection
EndGlobal
